
Microsoft Visual Studio Solution File, Format Version 12.00
# Visual Studio 15
VisualStudioVersion = 15.0.27130.2003
MinimumVisualStudioVersion = 10.0.40219.1
Project("{FAE04EC0-301F-11D3-BF4B-00C04F79EFBC}") = "InterfaceTest", "InterfaceTest\InterfaceTest.csproj", "{657873F7-D324-45BE-97D4-5CA4A2C891DD}"
EndProject
Global
	GlobalSection(SolutionConfigurationPlatforms) = preSolution
		Debug|x86 = Debug|x86
		Release|x86 = Release|x86
	EndGlobalSection
	GlobalSection(ProjectConfigurationPlatforms) = postSolution
		{657873F7-D324-45BE-97D4-5CA4A2C891DD}.Debug|x86.ActiveCfg = Debug|x86
		{657873F7-D324-45BE-97D4-5CA4A2C891DD}.Debug|x86.Build.0 = Debug|x86
		{657873F7-D324-45BE-97D4-5CA4A2C891DD}.Release|x86.ActiveCfg = Release|x86
		{657873F7-D324-45BE-97D4-5CA4A2C891DD}.Release|x86.Build.0 = Release|x86
	EndGlobalSection
	GlobalSection(SolutionProperties) = preSolution
		HideSolutionNode = FALSE
	EndGlobalSection
	GlobalSection(ExtensibilityGlobals) = postSolution
		SolutionGuid = {40D07064-F3A7-405B-BCE3-37426E5A4CFD}
	EndGlobalSection
EndGlobal
