
Microsoft Visual Studio Solution File, Format Version 12.00
# Visual Studio 15
VisualStudioVersion = 15.0.26730.15
MinimumVisualStudioVersion = 10.0.40219.1
Project("{FAE04EC0-301F-11D3-BF4B-00C04F79EFBC}") = "summonerTale", "summonerTale\summonerTale.csproj", "{6C64AB60-4119-434A-B22E-4780B5331403}"
EndProject
Global
	GlobalSection(SolutionConfigurationPlatforms) = preSolution
		Debug|x86 = Debug|x86
		Release|x86 = Release|x86
	EndGlobalSection
	GlobalSection(ProjectConfigurationPlatforms) = postSolution
		{6C64AB60-4119-434A-B22E-4780B5331403}.Debug|x86.ActiveCfg = Debug|x86
		{6C64AB60-4119-434A-B22E-4780B5331403}.Debug|x86.Build.0 = Debug|x86
		{6C64AB60-4119-434A-B22E-4780B5331403}.Release|x86.ActiveCfg = Release|x86
		{6C64AB60-4119-434A-B22E-4780B5331403}.Release|x86.Build.0 = Release|x86
	EndGlobalSection
	GlobalSection(SolutionProperties) = preSolution
		HideSolutionNode = FALSE
	EndGlobalSection
	GlobalSection(ExtensibilityGlobals) = postSolution
		SolutionGuid = {FBC8B978-156F-4AAF-B2F9-2AF60B6A1680}
	EndGlobalSection
EndGlobal
