
Microsoft Visual Studio Solution File, Format Version 12.00
# Visual Studio 15
VisualStudioVersion = 15.0.27130.2003
MinimumVisualStudioVersion = 10.0.40219.1
Project("{FAE04EC0-301F-11D3-BF4B-00C04F79EFBC}") = "GameStatesTest", "GameStatesTest\GameStatesTest.csproj", "{B3277AC7-350F-438B-B80E-214FA3942547}"
EndProject
Global
	GlobalSection(SolutionConfigurationPlatforms) = preSolution
		Debug|x86 = Debug|x86
		Release|x86 = Release|x86
	EndGlobalSection
	GlobalSection(ProjectConfigurationPlatforms) = postSolution
		{B3277AC7-350F-438B-B80E-214FA3942547}.Debug|x86.ActiveCfg = Debug|x86
		{B3277AC7-350F-438B-B80E-214FA3942547}.Debug|x86.Build.0 = Debug|x86
		{B3277AC7-350F-438B-B80E-214FA3942547}.Release|x86.ActiveCfg = Release|x86
		{B3277AC7-350F-438B-B80E-214FA3942547}.Release|x86.Build.0 = Release|x86
	EndGlobalSection
	GlobalSection(SolutionProperties) = preSolution
		HideSolutionNode = FALSE
	EndGlobalSection
	GlobalSection(ExtensibilityGlobals) = postSolution
		SolutionGuid = {33264C0F-4677-4F9B-8449-381CCA922605}
	EndGlobalSection
EndGlobal
